{
  "name": "heraldo-app-react-flask",
  "lockfileVersion": 2,
  "requires": true,
  "packages": {
    "": {
      "dependencies": {
        "sweetalert2": "^11.0.12"
      }
    },
    "node_modules/sweetalert2": {
      "version": "11.0.12",
      "resolved": "https://registry.npmjs.org/sweetalert2/-/sweetalert2-11.0.12.tgz",
      "integrity": "sha512-iAn9nB1qu+8z4xjuxeJp+BfBcgReh+NDZ7P/I1r8oDMcukLtYYJxcpEbiaIpBYU4+k698WHe90oCm+UgCCVnqA==",
      "funding": {
        "url": "https://sweetalert2.github.io/#donations"
      }
    }
  },
  "dependencies": {
    "sweetalert2": {
      "version": "11.0.12",
      "resolved": "https://registry.npmjs.org/sweetalert2/-/sweetalert2-11.0.12.tgz",
      "integrity": "sha512-iAn9nB1qu+8z4xjuxeJp+BfBcgReh+NDZ7P/I1r8oDMcukLtYYJxcpEbiaIpBYU4+k698WHe90oCm+UgCCVnqA=="
    }
  }
}
